
Microsoft Visual Studio Solution File, Format Version 12.00
# Visual Studio Version 17
VisualStudioVersion = 17.4.33213.308
MinimumVisualStudioVersion = 10.0.40219.1
Project("{FAE04EC0-301F-11D3-BF4B-00C04F79EFBC}") = "ОЧ1", "ОЧ1\ОЧ1.csproj", "{5FEBF5A5-3551-4A4A-A27E-A85B6ACC33C2}"
EndProject
Global
	GlobalSection(SolutionConfigurationPlatforms) = preSolution
		Debug|Any CPU = Debug|Any CPU
		Release|Any CPU = Release|Any CPU
	EndGlobalSection
	GlobalSection(ProjectConfigurationPlatforms) = postSolution
		{5FEBF5A5-3551-4A4A-A27E-A85B6ACC33C2}.Debug|Any CPU.ActiveCfg = Debug|Any CPU
		{5FEBF5A5-3551-4A4A-A27E-A85B6ACC33C2}.Debug|Any CPU.Build.0 = Debug|Any CPU
		{5FEBF5A5-3551-4A4A-A27E-A85B6ACC33C2}.Release|Any CPU.ActiveCfg = Release|Any CPU
		{5FEBF5A5-3551-4A4A-A27E-A85B6ACC33C2}.Release|Any CPU.Build.0 = Release|Any CPU
	EndGlobalSection
	GlobalSection(SolutionProperties) = preSolution
		HideSolutionNode = FALSE
	EndGlobalSection
	GlobalSection(ExtensibilityGlobals) = postSolution
		SolutionGuid = {ED7A2094-4168-4508-8D4F-8B9CE7E74853}
	EndGlobalSection
EndGlobal
